
Microsoft Visual Studio Solution File, Format Version 12.00
# Visual Studio 15
VisualStudioVersion = 15.0.28307.168
MinimumVisualStudioVersion = 10.0.40219.1
Project("{FAE04EC0-301F-11D3-BF4B-00C04F79EFBC}") = "eStudentRestaurant_API", "eStudentRestaurant_API\eStudentRestaurant_API.csproj", "{4D6C717D-E801-4D26-BBAB-80FA77C2310E}"
EndProject
Project("{FAE04EC0-301F-11D3-BF4B-00C04F79EFBC}") = "eStudentRestaurant_UI", "eStudentRestaurant_UI\eStudentRestaurant_UI.csproj", "{98B6B686-AA88-42BC-9A11-381DAB503874}"
EndProject
Project("{FAE04EC0-301F-11D3-BF4B-00C04F79EFBC}") = "eStudentRestaurant_Xamarin.Android", "eStudentRestaurant_Xamarin\eStudentRestaurant_Xamarin.Android\eStudentRestaurant_Xamarin.Android.csproj", "{71CC497B-4C8C-43EF-973F-2CDEDF8891C4}"
EndProject
Project("{FAE04EC0-301F-11D3-BF4B-00C04F79EFBC}") = "eStudentRestaurant_Xamarin.iOS", "eStudentRestaurant_Xamarin\eStudentRestaurant_Xamarin.iOS\eStudentRestaurant_Xamarin.iOS.csproj", "{A4CEF0B5-3060-4EAA-B3AD-B9D6070D8DCD}"
EndProject
Project("{FAE04EC0-301F-11D3-BF4B-00C04F79EFBC}") = "eStudentRestaurant_Xamarin.UWP", "eStudentRestaurant_Xamarin\eStudentRestaurant_Xamarin.UWP\eStudentRestaurant_Xamarin.UWP.csproj", "{9118F5B1-270F-49DD-B225-3EF516B8FE7C}"
EndProject
Project("{D954291E-2A0B-460D-934E-DC6B0785DB48}") = "eStudentRestaurant_Xamarin", "eStudentRestaurant_Xamarin\eStudentRestaurant_Xamarin\eStudentRestaurant_Xamarin.shproj", "{2332D286-7287-42DC-AF42-7FA25E4B9DC5}"
EndProject
Project("{FAE04EC0-301F-11D3-BF4B-00C04F79EFBC}") = "eStudentRestaurant_PCL", "eStudentRestaurant_PCL\eStudentRestaurant_PCL.csproj", "{650755B0-A9DF-47D8-9E76-D4F9F2ECEFEA}"
EndProject
Global
	GlobalSection(SharedMSBuildProjectFiles) = preSolution
		eStudentRestaurant_Xamarin\eStudentRestaurant_Xamarin\eStudentRestaurant_Xamarin.projitems*{2332d286-7287-42dc-af42-7fa25e4b9dc5}*SharedItemsImports = 13
		eStudentRestaurant_Xamarin\eStudentRestaurant_Xamarin\eStudentRestaurant_Xamarin.projitems*{71cc497b-4c8c-43ef-973f-2cdedf8891c4}*SharedItemsImports = 4
		eStudentRestaurant_Xamarin\eStudentRestaurant_Xamarin\eStudentRestaurant_Xamarin.projitems*{9118f5b1-270f-49dd-b225-3ef516b8fe7c}*SharedItemsImports = 4
		eStudentRestaurant_Xamarin\eStudentRestaurant_Xamarin\eStudentRestaurant_Xamarin.projitems*{a4cef0b5-3060-4eaa-b3ad-b9d6070d8dcd}*SharedItemsImports = 4
	EndGlobalSection
	GlobalSection(SolutionConfigurationPlatforms) = preSolution
		Ad-Hoc|Any CPU = Ad-Hoc|Any CPU
		Ad-Hoc|ARM = Ad-Hoc|ARM
		Ad-Hoc|iPhone = Ad-Hoc|iPhone
		Ad-Hoc|iPhoneSimulator = Ad-Hoc|iPhoneSimulator
		Ad-Hoc|x64 = Ad-Hoc|x64
		Ad-Hoc|x86 = Ad-Hoc|x86
		AppStore|Any CPU = AppStore|Any CPU
		AppStore|ARM = AppStore|ARM
		AppStore|iPhone = AppStore|iPhone
		AppStore|iPhoneSimulator = AppStore|iPhoneSimulator
		AppStore|x64 = AppStore|x64
		AppStore|x86 = AppStore|x86
		Debug|Any CPU = Debug|Any CPU
		Debug|ARM = Debug|ARM
		Debug|iPhone = Debug|iPhone
		Debug|iPhoneSimulator = Debug|iPhoneSimulator
		Debug|x64 = Debug|x64
		Debug|x86 = Debug|x86
		Release|Any CPU = Release|Any CPU
		Release|ARM = Release|ARM
		Release|iPhone = Release|iPhone
		Release|iPhoneSimulator = Release|iPhoneSimulator
		Release|x64 = Release|x64
		Release|x86 = Release|x86
	EndGlobalSection
	GlobalSection(ProjectConfigurationPlatforms) = postSolution
		{4D6C717D-E801-4D26-BBAB-80FA77C2310E}.Ad-Hoc|Any CPU.ActiveCfg = Release|Any CPU
		{4D6C717D-E801-4D26-BBAB-80FA77C2310E}.Ad-Hoc|Any CPU.Build.0 = Release|Any CPU
		{4D6C717D-E801-4D26-BBAB-80FA77C2310E}.Ad-Hoc|ARM.ActiveCfg = Release|Any CPU
		{4D6C717D-E801-4D26-BBAB-80FA77C2310E}.Ad-Hoc|ARM.Build.0 = Release|Any CPU
		{4D6C717D-E801-4D26-BBAB-80FA77C2310E}.Ad-Hoc|iPhone.ActiveCfg = Release|Any CPU
		{4D6C717D-E801-4D26-BBAB-80FA77C2310E}.Ad-Hoc|iPhone.Build.0 = Release|Any CPU
		{4D6C717D-E801-4D26-BBAB-80FA77C2310E}.Ad-Hoc|iPhoneSimulator.ActiveCfg = Release|Any CPU
		{4D6C717D-E801-4D26-BBAB-80FA77C2310E}.Ad-Hoc|iPhoneSimulator.Build.0 = Release|Any CPU
		{4D6C717D-E801-4D26-BBAB-80FA77C2310E}.Ad-Hoc|x64.ActiveCfg = Release|Any CPU
		{4D6C717D-E801-4D26-BBAB-80FA77C2310E}.Ad-Hoc|x64.Build.0 = Release|Any CPU
		{4D6C717D-E801-4D26-BBAB-80FA77C2310E}.Ad-Hoc|x86.ActiveCfg = Release|Any CPU
		{4D6C717D-E801-4D26-BBAB-80FA77C2310E}.Ad-Hoc|x86.Build.0 = Release|Any CPU
		{4D6C717D-E801-4D26-BBAB-80FA77C2310E}.AppStore|Any CPU.ActiveCfg = Release|Any CPU
		{4D6C717D-E801-4D26-BBAB-80FA77C2310E}.AppStore|Any CPU.Build.0 = Release|Any CPU
		{4D6C717D-E801-4D26-BBAB-80FA77C2310E}.AppStore|ARM.ActiveCfg = Release|Any CPU
		{4D6C717D-E801-4D26-BBAB-80FA77C2310E}.AppStore|ARM.Build.0 = Release|Any CPU
		{4D6C717D-E801-4D26-BBAB-80FA77C2310E}.AppStore|iPhone.ActiveCfg = Release|Any CPU
		{4D6C717D-E801-4D26-BBAB-80FA77C2310E}.AppStore|iPhone.Build.0 = Release|Any CPU
		{4D6C717D-E801-4D26-BBAB-80FA77C2310E}.AppStore|iPhoneSimulator.ActiveCfg = Release|Any CPU
		{4D6C717D-E801-4D26-BBAB-80FA77C2310E}.AppStore|iPhoneSimulator.Build.0 = Release|Any CPU
		{4D6C717D-E801-4D26-BBAB-80FA77C2310E}.AppStore|x64.ActiveCfg = Release|Any CPU
		{4D6C717D-E801-4D26-BBAB-80FA77C2310E}.AppStore|x64.Build.0 = Release|Any CPU
		{4D6C717D-E801-4D26-BBAB-80FA77C2310E}.AppStore|x86.ActiveCfg = Release|Any CPU
		{4D6C717D-E801-4D26-BBAB-80FA77C2310E}.AppStore|x86.Build.0 = Release|Any CPU
		{4D6C717D-E801-4D26-BBAB-80FA77C2310E}.Debug|Any CPU.ActiveCfg = Debug|Any CPU
		{4D6C717D-E801-4D26-BBAB-80FA77C2310E}.Debug|Any CPU.Build.0 = Debug|Any CPU
		{4D6C717D-E801-4D26-BBAB-80FA77C2310E}.Debug|ARM.ActiveCfg = Debug|Any CPU
		{4D6C717D-E801-4D26-BBAB-80FA77C2310E}.Debug|ARM.Build.0 = Debug|Any CPU
		{4D6C717D-E801-4D26-BBAB-80FA77C2310E}.Debug|iPhone.ActiveCfg = Debug|Any CPU
		{4D6C717D-E801-4D26-BBAB-80FA77C2310E}.Debug|iPhone.Build.0 = Debug|Any CPU
		{4D6C717D-E801-4D26-BBAB-80FA77C2310E}.Debug|iPhoneSimulator.ActiveCfg = Debug|Any CPU
		{4D6C717D-E801-4D26-BBAB-80FA77C2310E}.Debug|iPhoneSimulator.Build.0 = Debug|Any CPU
		{4D6C717D-E801-4D26-BBAB-80FA77C2310E}.Debug|x64.ActiveCfg = Debug|Any CPU
		{4D6C717D-E801-4D26-BBAB-80FA77C2310E}.Debug|x64.Build.0 = Debug|Any CPU
		{4D6C717D-E801-4D26-BBAB-80FA77C2310E}.Debug|x86.ActiveCfg = Debug|Any CPU
		{4D6C717D-E801-4D26-BBAB-80FA77C2310E}.Debug|x86.Build.0 = Debug|Any CPU
		{4D6C717D-E801-4D26-BBAB-80FA77C2310E}.Release|Any CPU.ActiveCfg = Release|Any CPU
		{4D6C717D-E801-4D26-BBAB-80FA77C2310E}.Release|Any CPU.Build.0 = Release|Any CPU
		{4D6C717D-E801-4D26-BBAB-80FA77C2310E}.Release|ARM.ActiveCfg = Release|Any CPU
		{4D6C717D-E801-4D26-BBAB-80FA77C2310E}.Release|ARM.Build.0 = Release|Any CPU
		{4D6C717D-E801-4D26-BBAB-80FA77C2310E}.Release|iPhone.ActiveCfg = Release|Any CPU
		{4D6C717D-E801-4D26-BBAB-80FA77C2310E}.Release|iPhone.Build.0 = Release|Any CPU
		{4D6C717D-E801-4D26-BBAB-80FA77C2310E}.Release|iPhoneSimulator.ActiveCfg = Release|Any CPU
		{4D6C717D-E801-4D26-BBAB-80FA77C2310E}.Release|iPhoneSimulator.Build.0 = Release|Any CPU
		{4D6C717D-E801-4D26-BBAB-80FA77C2310E}.Release|x64.ActiveCfg = Release|Any CPU
		{4D6C717D-E801-4D26-BBAB-80FA77C2310E}.Release|x64.Build.0 = Release|Any CPU
		{4D6C717D-E801-4D26-BBAB-80FA77C2310E}.Release|x86.ActiveCfg = Release|Any CPU
		{4D6C717D-E801-4D26-BBAB-80FA77C2310E}.Release|x86.Build.0 = Release|Any CPU
		{98B6B686-AA88-42BC-9A11-381DAB503874}.Ad-Hoc|Any CPU.ActiveCfg = Release|Any CPU
		{98B6B686-AA88-42BC-9A11-381DAB503874}.Ad-Hoc|Any CPU.Build.0 = Release|Any CPU
		{98B6B686-AA88-42BC-9A11-381DAB503874}.Ad-Hoc|ARM.ActiveCfg = Release|Any CPU
		{98B6B686-AA88-42BC-9A11-381DAB503874}.Ad-Hoc|ARM.Build.0 = Release|Any CPU
		{98B6B686-AA88-42BC-9A11-381DAB503874}.Ad-Hoc|iPhone.ActiveCfg = Release|Any CPU
		{98B6B686-AA88-42BC-9A11-381DAB503874}.Ad-Hoc|iPhone.Build.0 = Release|Any CPU
		{98B6B686-AA88-42BC-9A11-381DAB503874}.Ad-Hoc|iPhoneSimulator.ActiveCfg = Release|Any CPU
		{98B6B686-AA88-42BC-9A11-381DAB503874}.Ad-Hoc|iPhoneSimulator.Build.0 = Release|Any CPU
		{98B6B686-AA88-42BC-9A11-381DAB503874}.Ad-Hoc|x64.ActiveCfg = Release|Any CPU
		{98B6B686-AA88-42BC-9A11-381DAB503874}.Ad-Hoc|x64.Build.0 = Release|Any CPU
		{98B6B686-AA88-42BC-9A11-381DAB503874}.Ad-Hoc|x86.ActiveCfg = Release|Any CPU
		{98B6B686-AA88-42BC-9A11-381DAB503874}.Ad-Hoc|x86.Build.0 = Release|Any CPU
		{98B6B686-AA88-42BC-9A11-381DAB503874}.AppStore|Any CPU.ActiveCfg = Release|Any CPU
		{98B6B686-AA88-42BC-9A11-381DAB503874}.AppStore|Any CPU.Build.0 = Release|Any CPU
		{98B6B686-AA88-42BC-9A11-381DAB503874}.AppStore|ARM.ActiveCfg = Release|Any CPU
		{98B6B686-AA88-42BC-9A11-381DAB503874}.AppStore|ARM.Build.0 = Release|Any CPU
		{98B6B686-AA88-42BC-9A11-381DAB503874}.AppStore|iPhone.ActiveCfg = Release|Any CPU
		{98B6B686-AA88-42BC-9A11-381DAB503874}.AppStore|iPhone.Build.0 = Release|Any CPU
		{98B6B686-AA88-42BC-9A11-381DAB503874}.AppStore|iPhoneSimulator.ActiveCfg = Release|Any CPU
		{98B6B686-AA88-42BC-9A11-381DAB503874}.AppStore|iPhoneSimulator.Build.0 = Release|Any CPU
		{98B6B686-AA88-42BC-9A11-381DAB503874}.AppStore|x64.ActiveCfg = Release|Any CPU
		{98B6B686-AA88-42BC-9A11-381DAB503874}.AppStore|x64.Build.0 = Release|Any CPU
		{98B6B686-AA88-42BC-9A11-381DAB503874}.AppStore|x86.ActiveCfg = Release|Any CPU
		{98B6B686-AA88-42BC-9A11-381DAB503874}.AppStore|x86.Build.0 = Release|Any CPU
		{98B6B686-AA88-42BC-9A11-381DAB503874}.Debug|Any CPU.ActiveCfg = Debug|Any CPU
		{98B6B686-AA88-42BC-9A11-381DAB503874}.Debug|Any CPU.Build.0 = Debug|Any CPU
		{98B6B686-AA88-42BC-9A11-381DAB503874}.Debug|ARM.ActiveCfg = Debug|Any CPU
		{98B6B686-AA88-42BC-9A11-381DAB503874}.Debug|ARM.Build.0 = Debug|Any CPU
		{98B6B686-AA88-42BC-9A11-381DAB503874}.Debug|iPhone.ActiveCfg = Debug|Any CPU
		{98B6B686-AA88-42BC-9A11-381DAB503874}.Debug|iPhone.Build.0 = Debug|Any CPU
		{98B6B686-AA88-42BC-9A11-381DAB503874}.Debug|iPhoneSimulator.ActiveCfg = Debug|Any CPU
		{98B6B686-AA88-42BC-9A11-381DAB503874}.Debug|iPhoneSimulator.Build.0 = Debug|Any CPU
		{98B6B686-AA88-42BC-9A11-381DAB503874}.Debug|x64.ActiveCfg = Debug|Any CPU
		{98B6B686-AA88-42BC-9A11-381DAB503874}.Debug|x64.Build.0 = Debug|Any CPU
		{98B6B686-AA88-42BC-9A11-381DAB503874}.Debug|x86.ActiveCfg = Debug|Any CPU
		{98B6B686-AA88-42BC-9A11-381DAB503874}.Debug|x86.Build.0 = Debug|Any CPU
		{98B6B686-AA88-42BC-9A11-381DAB503874}.Release|Any CPU.ActiveCfg = Release|Any CPU
		{98B6B686-AA88-42BC-9A11-381DAB503874}.Release|Any CPU.Build.0 = Release|Any CPU
		{98B6B686-AA88-42BC-9A11-381DAB503874}.Release|ARM.ActiveCfg = Release|Any CPU
		{98B6B686-AA88-42BC-9A11-381DAB503874}.Release|ARM.Build.0 = Release|Any CPU
		{98B6B686-AA88-42BC-9A11-381DAB503874}.Release|iPhone.ActiveCfg = Release|Any CPU
		{98B6B686-AA88-42BC-9A11-381DAB503874}.Release|iPhone.Build.0 = Release|Any CPU
		{98B6B686-AA88-42BC-9A11-381DAB503874}.Release|iPhoneSimulator.ActiveCfg = Release|Any CPU
		{98B6B686-AA88-42BC-9A11-381DAB503874}.Release|iPhoneSimulator.Build.0 = Release|Any CPU
		{98B6B686-AA88-42BC-9A11-381DAB503874}.Release|x64.ActiveCfg = Release|Any CPU
		{98B6B686-AA88-42BC-9A11-381DAB503874}.Release|x64.Build.0 = Release|Any CPU
		{98B6B686-AA88-42BC-9A11-381DAB503874}.Release|x86.ActiveCfg = Release|Any CPU
		{98B6B686-AA88-42BC-9A11-381DAB503874}.Release|x86.Build.0 = Release|Any CPU
		{71CC497B-4C8C-43EF-973F-2CDEDF8891C4}.Ad-Hoc|Any CPU.ActiveCfg = Release|Any CPU
		{71CC497B-4C8C-43EF-973F-2CDEDF8891C4}.Ad-Hoc|Any CPU.Build.0 = Release|Any CPU
		{71CC497B-4C8C-43EF-973F-2CDEDF8891C4}.Ad-Hoc|Any CPU.Deploy.0 = Release|Any CPU
		{71CC497B-4C8C-43EF-973F-2CDEDF8891C4}.Ad-Hoc|ARM.ActiveCfg = Release|Any CPU
		{71CC497B-4C8C-43EF-973F-2CDEDF8891C4}.Ad-Hoc|ARM.Build.0 = Release|Any CPU
		{71CC497B-4C8C-43EF-973F-2CDEDF8891C4}.Ad-Hoc|ARM.Deploy.0 = Release|Any CPU
		{71CC497B-4C8C-43EF-973F-2CDEDF8891C4}.Ad-Hoc|iPhone.ActiveCfg = Release|Any CPU
		{71CC497B-4C8C-43EF-973F-2CDEDF8891C4}.Ad-Hoc|iPhone.Build.0 = Release|Any CPU
		{71CC497B-4C8C-43EF-973F-2CDEDF8891C4}.Ad-Hoc|iPhone.Deploy.0 = Release|Any CPU
		{71CC497B-4C8C-43EF-973F-2CDEDF8891C4}.Ad-Hoc|iPhoneSimulator.ActiveCfg = Release|Any CPU
		{71CC497B-4C8C-43EF-973F-2CDEDF8891C4}.Ad-Hoc|iPhoneSimulator.Build.0 = Release|Any CPU
		{71CC497B-4C8C-43EF-973F-2CDEDF8891C4}.Ad-Hoc|iPhoneSimulator.Deploy.0 = Release|Any CPU
		{71CC497B-4C8C-43EF-973F-2CDEDF8891C4}.Ad-Hoc|x64.ActiveCfg = Release|Any CPU
		{71CC497B-4C8C-43EF-973F-2CDEDF8891C4}.Ad-Hoc|x64.Build.0 = Release|Any CPU
		{71CC497B-4C8C-43EF-973F-2CDEDF8891C4}.Ad-Hoc|x64.Deploy.0 = Release|Any CPU
		{71CC497B-4C8C-43EF-973F-2CDEDF8891C4}.Ad-Hoc|x86.ActiveCfg = Release|Any CPU
		{71CC497B-4C8C-43EF-973F-2CDEDF8891C4}.Ad-Hoc|x86.Build.0 = Release|Any CPU
		{71CC497B-4C8C-43EF-973F-2CDEDF8891C4}.Ad-Hoc|x86.Deploy.0 = Release|Any CPU
		{71CC497B-4C8C-43EF-973F-2CDEDF8891C4}.AppStore|Any CPU.ActiveCfg = Release|Any CPU
		{71CC497B-4C8C-43EF-973F-2CDEDF8891C4}.AppStore|Any CPU.Build.0 = Release|Any CPU
		{71CC497B-4C8C-43EF-973F-2CDEDF8891C4}.AppStore|Any CPU.Deploy.0 = Release|Any CPU
		{71CC497B-4C8C-43EF-973F-2CDEDF8891C4}.AppStore|ARM.ActiveCfg = Release|Any CPU
		{71CC497B-4C8C-43EF-973F-2CDEDF8891C4}.AppStore|ARM.Build.0 = Release|Any CPU
		{71CC497B-4C8C-43EF-973F-2CDEDF8891C4}.AppStore|ARM.Deploy.0 = Release|Any CPU
		{71CC497B-4C8C-43EF-973F-2CDEDF8891C4}.AppStore|iPhone.ActiveCfg = Release|Any CPU
		{71CC497B-4C8C-43EF-973F-2CDEDF8891C4}.AppStore|iPhone.Build.0 = Release|Any CPU
		{71CC497B-4C8C-43EF-973F-2CDEDF8891C4}.AppStore|iPhone.Deploy.0 = Release|Any CPU
		{71CC497B-4C8C-43EF-973F-2CDEDF8891C4}.AppStore|iPhoneSimulator.ActiveCfg = Release|Any CPU
		{71CC497B-4C8C-43EF-973F-2CDEDF8891C4}.AppStore|iPhoneSimulator.Build.0 = Release|Any CPU
		{71CC497B-4C8C-43EF-973F-2CDEDF8891C4}.AppStore|iPhoneSimulator.Deploy.0 = Release|Any CPU
		{71CC497B-4C8C-43EF-973F-2CDEDF8891C4}.AppStore|x64.ActiveCfg = Release|Any CPU
		{71CC497B-4C8C-43EF-973F-2CDEDF8891C4}.AppStore|x64.Build.0 = Release|Any CPU
		{71CC497B-4C8C-43EF-973F-2CDEDF8891C4}.AppStore|x64.Deploy.0 = Release|Any CPU
		{71CC497B-4C8C-43EF-973F-2CDEDF8891C4}.AppStore|x86.ActiveCfg = Release|Any CPU
		{71CC497B-4C8C-43EF-973F-2CDEDF8891C4}.AppStore|x86.Build.0 = Release|Any CPU
		{71CC497B-4C8C-43EF-973F-2CDEDF8891C4}.AppStore|x86.Deploy.0 = Release|Any CPU
		{71CC497B-4C8C-43EF-973F-2CDEDF8891C4}.Debug|Any CPU.ActiveCfg = Debug|Any CPU
		{71CC497B-4C8C-43EF-973F-2CDEDF8891C4}.Debug|Any CPU.Build.0 = Debug|Any CPU
		{71CC497B-4C8C-43EF-973F-2CDEDF8891C4}.Debug|Any CPU.Deploy.0 = Debug|Any CPU
		{71CC497B-4C8C-43EF-973F-2CDEDF8891C4}.Debug|ARM.ActiveCfg = Debug|Any CPU
		{71CC497B-4C8C-43EF-973F-2CDEDF8891C4}.Debug|ARM.Build.0 = Debug|Any CPU
		{71CC497B-4C8C-43EF-973F-2CDEDF8891C4}.Debug|ARM.Deploy.0 = Debug|Any CPU
		{71CC497B-4C8C-43EF-973F-2CDEDF8891C4}.Debug|iPhone.ActiveCfg = Debug|Any CPU
		{71CC497B-4C8C-43EF-973F-2CDEDF8891C4}.Debug|iPhone.Build.0 = Debug|Any CPU
		{71CC497B-4C8C-43EF-973F-2CDEDF8891C4}.Debug|iPhone.Deploy.0 = Debug|Any CPU
		{71CC497B-4C8C-43EF-973F-2CDEDF8891C4}.Debug|iPhoneSimulator.ActiveCfg = Debug|Any CPU
		{71CC497B-4C8C-43EF-973F-2CDEDF8891C4}.Debug|iPhoneSimulator.Build.0 = Debug|Any CPU
		{71CC497B-4C8C-43EF-973F-2CDEDF8891C4}.Debug|iPhoneSimulator.Deploy.0 = Debug|Any CPU
		{71CC497B-4C8C-43EF-973F-2CDEDF8891C4}.Debug|x64.ActiveCfg = Debug|Any CPU
		{71CC497B-4C8C-43EF-973F-2CDEDF8891C4}.Debug|x64.Build.0 = Debug|Any CPU
		{71CC497B-4C8C-43EF-973F-2CDEDF8891C4}.Debug|x64.Deploy.0 = Debug|Any CPU
		{71CC497B-4C8C-43EF-973F-2CDEDF8891C4}.Debug|x86.ActiveCfg = Debug|Any CPU
		{71CC497B-4C8C-43EF-973F-2CDEDF8891C4}.Debug|x86.Build.0 = Debug|Any CPU
		{71CC497B-4C8C-43EF-973F-2CDEDF8891C4}.Debug|x86.Deploy.0 = Debug|Any CPU
		{71CC497B-4C8C-43EF-973F-2CDEDF8891C4}.Release|Any CPU.ActiveCfg = Release|Any CPU
		{71CC497B-4C8C-43EF-973F-2CDEDF8891C4}.Release|Any CPU.Build.0 = Release|Any CPU
		{71CC497B-4C8C-43EF-973F-2CDEDF8891C4}.Release|Any CPU.Deploy.0 = Release|Any CPU
		{71CC497B-4C8C-43EF-973F-2CDEDF8891C4}.Release|ARM.ActiveCfg = Release|Any CPU
		{71CC497B-4C8C-43EF-973F-2CDEDF8891C4}.Release|ARM.Build.0 = Release|Any CPU
		{71CC497B-4C8C-43EF-973F-2CDEDF8891C4}.Release|ARM.Deploy.0 = Release|Any CPU
		{71CC497B-4C8C-43EF-973F-2CDEDF8891C4}.Release|iPhone.ActiveCfg = Release|Any CPU
		{71CC497B-4C8C-43EF-973F-2CDEDF8891C4}.Release|iPhone.Build.0 = Release|Any CPU
		{71CC497B-4C8C-43EF-973F-2CDEDF8891C4}.Release|iPhone.Deploy.0 = Release|Any CPU
		{71CC497B-4C8C-43EF-973F-2CDEDF8891C4}.Release|iPhoneSimulator.ActiveCfg = Release|Any CPU
		{71CC497B-4C8C-43EF-973F-2CDEDF8891C4}.Release|iPhoneSimulator.Build.0 = Release|Any CPU
		{71CC497B-4C8C-43EF-973F-2CDEDF8891C4}.Release|iPhoneSimulator.Deploy.0 = Release|Any CPU
		{71CC497B-4C8C-43EF-973F-2CDEDF8891C4}.Release|x64.ActiveCfg = Release|Any CPU
		{71CC497B-4C8C-43EF-973F-2CDEDF8891C4}.Release|x64.Build.0 = Release|Any CPU
		{71CC497B-4C8C-43EF-973F-2CDEDF8891C4}.Release|x64.Deploy.0 = Release|Any CPU
		{71CC497B-4C8C-43EF-973F-2CDEDF8891C4}.Release|x86.ActiveCfg = Release|Any CPU
		{71CC497B-4C8C-43EF-973F-2CDEDF8891C4}.Release|x86.Build.0 = Release|Any CPU
		{71CC497B-4C8C-43EF-973F-2CDEDF8891C4}.Release|x86.Deploy.0 = Release|Any CPU
		{A4CEF0B5-3060-4EAA-B3AD-B9D6070D8DCD}.Ad-Hoc|Any CPU.ActiveCfg = Ad-Hoc|iPhone
		{A4CEF0B5-3060-4EAA-B3AD-B9D6070D8DCD}.Ad-Hoc|ARM.ActiveCfg = Ad-Hoc|iPhone
		{A4CEF0B5-3060-4EAA-B3AD-B9D6070D8DCD}.Ad-Hoc|iPhone.ActiveCfg = Ad-Hoc|iPhone
		{A4CEF0B5-3060-4EAA-B3AD-B9D6070D8DCD}.Ad-Hoc|iPhone.Build.0 = Ad-Hoc|iPhone
		{A4CEF0B5-3060-4EAA-B3AD-B9D6070D8DCD}.Ad-Hoc|iPhoneSimulator.ActiveCfg = Ad-Hoc|iPhoneSimulator
		{A4CEF0B5-3060-4EAA-B3AD-B9D6070D8DCD}.Ad-Hoc|iPhoneSimulator.Build.0 = Ad-Hoc|iPhoneSimulator
		{A4CEF0B5-3060-4EAA-B3AD-B9D6070D8DCD}.Ad-Hoc|x64.ActiveCfg = Ad-Hoc|iPhone
		{A4CEF0B5-3060-4EAA-B3AD-B9D6070D8DCD}.Ad-Hoc|x86.ActiveCfg = Ad-Hoc|iPhone
		{A4CEF0B5-3060-4EAA-B3AD-B9D6070D8DCD}.AppStore|Any CPU.ActiveCfg = AppStore|iPhone
		{A4CEF0B5-3060-4EAA-B3AD-B9D6070D8DCD}.AppStore|ARM.ActiveCfg = AppStore|iPhone
		{A4CEF0B5-3060-4EAA-B3AD-B9D6070D8DCD}.AppStore|iPhone.ActiveCfg = AppStore|iPhone
		{A4CEF0B5-3060-4EAA-B3AD-B9D6070D8DCD}.AppStore|iPhone.Build.0 = AppStore|iPhone
		{A4CEF0B5-3060-4EAA-B3AD-B9D6070D8DCD}.AppStore|iPhoneSimulator.ActiveCfg = AppStore|iPhoneSimulator
		{A4CEF0B5-3060-4EAA-B3AD-B9D6070D8DCD}.AppStore|iPhoneSimulator.Build.0 = AppStore|iPhoneSimulator
		{A4CEF0B5-3060-4EAA-B3AD-B9D6070D8DCD}.AppStore|x64.ActiveCfg = AppStore|iPhone
		{A4CEF0B5-3060-4EAA-B3AD-B9D6070D8DCD}.AppStore|x86.ActiveCfg = AppStore|iPhone
		{A4CEF0B5-3060-4EAA-B3AD-B9D6070D8DCD}.Debug|Any CPU.ActiveCfg = Debug|iPhone
		{A4CEF0B5-3060-4EAA-B3AD-B9D6070D8DCD}.Debug|ARM.ActiveCfg = Debug|iPhone
		{A4CEF0B5-3060-4EAA-B3AD-B9D6070D8DCD}.Debug|iPhone.ActiveCfg = Debug|iPhone
		{A4CEF0B5-3060-4EAA-B3AD-B9D6070D8DCD}.Debug|iPhone.Build.0 = Debug|iPhone
		{A4CEF0B5-3060-4EAA-B3AD-B9D6070D8DCD}.Debug|iPhoneSimulator.ActiveCfg = Debug|iPhoneSimulator
		{A4CEF0B5-3060-4EAA-B3AD-B9D6070D8DCD}.Debug|iPhoneSimulator.Build.0 = Debug|iPhoneSimulator
		{A4CEF0B5-3060-4EAA-B3AD-B9D6070D8DCD}.Debug|x64.ActiveCfg = Debug|iPhone
		{A4CEF0B5-3060-4EAA-B3AD-B9D6070D8DCD}.Debug|x86.ActiveCfg = Debug|iPhone
		{A4CEF0B5-3060-4EAA-B3AD-B9D6070D8DCD}.Release|Any CPU.ActiveCfg = Release|iPhone
		{A4CEF0B5-3060-4EAA-B3AD-B9D6070D8DCD}.Release|ARM.ActiveCfg = Release|iPhone
		{A4CEF0B5-3060-4EAA-B3AD-B9D6070D8DCD}.Release|iPhone.ActiveCfg = Release|iPhone
		{A4CEF0B5-3060-4EAA-B3AD-B9D6070D8DCD}.Release|iPhone.Build.0 = Release|iPhone
		{A4CEF0B5-3060-4EAA-B3AD-B9D6070D8DCD}.Release|iPhoneSimulator.ActiveCfg = Release|iPhoneSimulator
		{A4CEF0B5-3060-4EAA-B3AD-B9D6070D8DCD}.Release|iPhoneSimulator.Build.0 = Release|iPhoneSimulator
		{A4CEF0B5-3060-4EAA-B3AD-B9D6070D8DCD}.Release|x64.ActiveCfg = Release|iPhone
		{A4CEF0B5-3060-4EAA-B3AD-B9D6070D8DCD}.Release|x86.ActiveCfg = Release|iPhone
		{9118F5B1-270F-49DD-B225-3EF516B8FE7C}.Ad-Hoc|Any CPU.ActiveCfg = Release|x86
		{9118F5B1-270F-49DD-B225-3EF516B8FE7C}.Ad-Hoc|Any CPU.Build.0 = Release|x86
		{9118F5B1-270F-49DD-B225-3EF516B8FE7C}.Ad-Hoc|Any CPU.Deploy.0 = Release|x86
		{9118F5B1-270F-49DD-B225-3EF516B8FE7C}.Ad-Hoc|ARM.ActiveCfg = Release|ARM
		{9118F5B1-270F-49DD-B225-3EF516B8FE7C}.Ad-Hoc|ARM.Build.0 = Release|ARM
		{9118F5B1-270F-49DD-B225-3EF516B8FE7C}.Ad-Hoc|ARM.Deploy.0 = Release|ARM
		{9118F5B1-270F-49DD-B225-3EF516B8FE7C}.Ad-Hoc|iPhone.ActiveCfg = Release|x86
		{9118F5B1-270F-49DD-B225-3EF516B8FE7C}.Ad-Hoc|iPhone.Build.0 = Release|x86
		{9118F5B1-270F-49DD-B225-3EF516B8FE7C}.Ad-Hoc|iPhone.Deploy.0 = Release|x86
		{9118F5B1-270F-49DD-B225-3EF516B8FE7C}.Ad-Hoc|iPhoneSimulator.ActiveCfg = Release|x86
		{9118F5B1-270F-49DD-B225-3EF516B8FE7C}.Ad-Hoc|iPhoneSimulator.Build.0 = Release|x86
		{9118F5B1-270F-49DD-B225-3EF516B8FE7C}.Ad-Hoc|iPhoneSimulator.Deploy.0 = Release|x86
		{9118F5B1-270F-49DD-B225-3EF516B8FE7C}.Ad-Hoc|x64.ActiveCfg = Release|x64
		{9118F5B1-270F-49DD-B225-3EF516B8FE7C}.Ad-Hoc|x64.Build.0 = Release|x64
		{9118F5B1-270F-49DD-B225-3EF516B8FE7C}.Ad-Hoc|x64.Deploy.0 = Release|x64
		{9118F5B1-270F-49DD-B225-3EF516B8FE7C}.Ad-Hoc|x86.ActiveCfg = Release|x86
		{9118F5B1-270F-49DD-B225-3EF516B8FE7C}.Ad-Hoc|x86.Build.0 = Release|x86
		{9118F5B1-270F-49DD-B225-3EF516B8FE7C}.Ad-Hoc|x86.Deploy.0 = Release|x86
		{9118F5B1-270F-49DD-B225-3EF516B8FE7C}.AppStore|Any CPU.ActiveCfg = Release|x86
		{9118F5B1-270F-49DD-B225-3EF516B8FE7C}.AppStore|Any CPU.Build.0 = Release|x86
		{9118F5B1-270F-49DD-B225-3EF516B8FE7C}.AppStore|Any CPU.Deploy.0 = Release|x86
		{9118F5B1-270F-49DD-B225-3EF516B8FE7C}.AppStore|ARM.ActiveCfg = Release|ARM
		{9118F5B1-270F-49DD-B225-3EF516B8FE7C}.AppStore|ARM.Build.0 = Release|ARM
		{9118F5B1-270F-49DD-B225-3EF516B8FE7C}.AppStore|ARM.Deploy.0 = Release|ARM
		{9118F5B1-270F-49DD-B225-3EF516B8FE7C}.AppStore|iPhone.ActiveCfg = Release|x86
		{9118F5B1-270F-49DD-B225-3EF516B8FE7C}.AppStore|iPhone.Build.0 = Release|x86
		{9118F5B1-270F-49DD-B225-3EF516B8FE7C}.AppStore|iPhone.Deploy.0 = Release|x86
		{9118F5B1-270F-49DD-B225-3EF516B8FE7C}.AppStore|iPhoneSimulator.ActiveCfg = Release|x86
		{9118F5B1-270F-49DD-B225-3EF516B8FE7C}.AppStore|iPhoneSimulator.Build.0 = Release|x86
		{9118F5B1-270F-49DD-B225-3EF516B8FE7C}.AppStore|iPhoneSimulator.Deploy.0 = Release|x86
		{9118F5B1-270F-49DD-B225-3EF516B8FE7C}.AppStore|x64.ActiveCfg = Release|x64
		{9118F5B1-270F-49DD-B225-3EF516B8FE7C}.AppStore|x64.Build.0 = Release|x64
		{9118F5B1-270F-49DD-B225-3EF516B8FE7C}.AppStore|x64.Deploy.0 = Release|x64
		{9118F5B1-270F-49DD-B225-3EF516B8FE7C}.AppStore|x86.ActiveCfg = Release|x86
		{9118F5B1-270F-49DD-B225-3EF516B8FE7C}.AppStore|x86.Build.0 = Release|x86
		{9118F5B1-270F-49DD-B225-3EF516B8FE7C}.AppStore|x86.Deploy.0 = Release|x86
		{9118F5B1-270F-49DD-B225-3EF516B8FE7C}.Debug|Any CPU.ActiveCfg = Debug|x86
		{9118F5B1-270F-49DD-B225-3EF516B8FE7C}.Debug|ARM.ActiveCfg = Debug|ARM
		{9118F5B1-270F-49DD-B225-3EF516B8FE7C}.Debug|ARM.Build.0 = Debug|ARM
		{9118F5B1-270F-49DD-B225-3EF516B8FE7C}.Debug|ARM.Deploy.0 = Debug|ARM
		{9118F5B1-270F-49DD-B225-3EF516B8FE7C}.Debug|iPhone.ActiveCfg = Debug|x86
		{9118F5B1-270F-49DD-B225-3EF516B8FE7C}.Debug|iPhoneSimulator.ActiveCfg = Debug|x86
		{9118F5B1-270F-49DD-B225-3EF516B8FE7C}.Debug|x64.ActiveCfg = Debug|x64
		{9118F5B1-270F-49DD-B225-3EF516B8FE7C}.Debug|x64.Build.0 = Debug|x64
		{9118F5B1-270F-49DD-B225-3EF516B8FE7C}.Debug|x64.Deploy.0 = Debug|x64
		{9118F5B1-270F-49DD-B225-3EF516B8FE7C}.Debug|x86.ActiveCfg = Debug|x86
		{9118F5B1-270F-49DD-B225-3EF516B8FE7C}.Debug|x86.Build.0 = Debug|x86
		{9118F5B1-270F-49DD-B225-3EF516B8FE7C}.Debug|x86.Deploy.0 = Debug|x86
		{9118F5B1-270F-49DD-B225-3EF516B8FE7C}.Release|Any CPU.ActiveCfg = Release|x86
		{9118F5B1-270F-49DD-B225-3EF516B8FE7C}.Release|ARM.ActiveCfg = Release|ARM
		{9118F5B1-270F-49DD-B225-3EF516B8FE7C}.Release|ARM.Build.0 = Release|ARM
		{9118F5B1-270F-49DD-B225-3EF516B8FE7C}.Release|ARM.Deploy.0 = Release|ARM
		{9118F5B1-270F-49DD-B225-3EF516B8FE7C}.Release|iPhone.ActiveCfg = Release|x86
		{9118F5B1-270F-49DD-B225-3EF516B8FE7C}.Release|iPhoneSimulator.ActiveCfg = Release|x86
		{9118F5B1-270F-49DD-B225-3EF516B8FE7C}.Release|x64.ActiveCfg = Release|x64
		{9118F5B1-270F-49DD-B225-3EF516B8FE7C}.Release|x64.Build.0 = Release|x64
		{9118F5B1-270F-49DD-B225-3EF516B8FE7C}.Release|x64.Deploy.0 = Release|x64
		{9118F5B1-270F-49DD-B225-3EF516B8FE7C}.Release|x86.ActiveCfg = Release|x86
		{9118F5B1-270F-49DD-B225-3EF516B8FE7C}.Release|x86.Build.0 = Release|x86
		{9118F5B1-270F-49DD-B225-3EF516B8FE7C}.Release|x86.Deploy.0 = Release|x86
		{650755B0-A9DF-47D8-9E76-D4F9F2ECEFEA}.Ad-Hoc|Any CPU.ActiveCfg = Release|Any CPU
		{650755B0-A9DF-47D8-9E76-D4F9F2ECEFEA}.Ad-Hoc|Any CPU.Build.0 = Release|Any CPU
		{650755B0-A9DF-47D8-9E76-D4F9F2ECEFEA}.Ad-Hoc|ARM.ActiveCfg = Release|Any CPU
		{650755B0-A9DF-47D8-9E76-D4F9F2ECEFEA}.Ad-Hoc|ARM.Build.0 = Release|Any CPU
		{650755B0-A9DF-47D8-9E76-D4F9F2ECEFEA}.Ad-Hoc|iPhone.ActiveCfg = Release|Any CPU
		{650755B0-A9DF-47D8-9E76-D4F9F2ECEFEA}.Ad-Hoc|iPhone.Build.0 = Release|Any CPU
		{650755B0-A9DF-47D8-9E76-D4F9F2ECEFEA}.Ad-Hoc|iPhoneSimulator.ActiveCfg = Release|Any CPU
		{650755B0-A9DF-47D8-9E76-D4F9F2ECEFEA}.Ad-Hoc|iPhoneSimulator.Build.0 = Release|Any CPU
		{650755B0-A9DF-47D8-9E76-D4F9F2ECEFEA}.Ad-Hoc|x64.ActiveCfg = Release|Any CPU
		{650755B0-A9DF-47D8-9E76-D4F9F2ECEFEA}.Ad-Hoc|x64.Build.0 = Release|Any CPU
		{650755B0-A9DF-47D8-9E76-D4F9F2ECEFEA}.Ad-Hoc|x86.ActiveCfg = Release|Any CPU
		{650755B0-A9DF-47D8-9E76-D4F9F2ECEFEA}.Ad-Hoc|x86.Build.0 = Release|Any CPU
		{650755B0-A9DF-47D8-9E76-D4F9F2ECEFEA}.AppStore|Any CPU.ActiveCfg = Release|Any CPU
		{650755B0-A9DF-47D8-9E76-D4F9F2ECEFEA}.AppStore|Any CPU.Build.0 = Release|Any CPU
		{650755B0-A9DF-47D8-9E76-D4F9F2ECEFEA}.AppStore|ARM.ActiveCfg = Release|Any CPU
		{650755B0-A9DF-47D8-9E76-D4F9F2ECEFEA}.AppStore|ARM.Build.0 = Release|Any CPU
		{650755B0-A9DF-47D8-9E76-D4F9F2ECEFEA}.AppStore|iPhone.ActiveCfg = Release|Any CPU
		{650755B0-A9DF-47D8-9E76-D4F9F2ECEFEA}.AppStore|iPhone.Build.0 = Release|Any CPU
		{650755B0-A9DF-47D8-9E76-D4F9F2ECEFEA}.AppStore|iPhoneSimulator.ActiveCfg = Release|Any CPU
		{650755B0-A9DF-47D8-9E76-D4F9F2ECEFEA}.AppStore|iPhoneSimulator.Build.0 = Release|Any CPU
		{650755B0-A9DF-47D8-9E76-D4F9F2ECEFEA}.AppStore|x64.ActiveCfg = Release|Any CPU
		{650755B0-A9DF-47D8-9E76-D4F9F2ECEFEA}.AppStore|x64.Build.0 = Release|Any CPU
		{650755B0-A9DF-47D8-9E76-D4F9F2ECEFEA}.AppStore|x86.ActiveCfg = Release|Any CPU
		{650755B0-A9DF-47D8-9E76-D4F9F2ECEFEA}.AppStore|x86.Build.0 = Release|Any CPU
		{650755B0-A9DF-47D8-9E76-D4F9F2ECEFEA}.Debug|Any CPU.ActiveCfg = Debug|Any CPU
		{650755B0-A9DF-47D8-9E76-D4F9F2ECEFEA}.Debug|Any CPU.Build.0 = Debug|Any CPU
		{650755B0-A9DF-47D8-9E76-D4F9F2ECEFEA}.Debug|ARM.ActiveCfg = Debug|Any CPU
		{650755B0-A9DF-47D8-9E76-D4F9F2ECEFEA}.Debug|ARM.Build.0 = Debug|Any CPU
		{650755B0-A9DF-47D8-9E76-D4F9F2ECEFEA}.Debug|iPhone.ActiveCfg = Debug|Any CPU
		{650755B0-A9DF-47D8-9E76-D4F9F2ECEFEA}.Debug|iPhone.Build.0 = Debug|Any CPU
		{650755B0-A9DF-47D8-9E76-D4F9F2ECEFEA}.Debug|iPhoneSimulator.ActiveCfg = Debug|Any CPU
		{650755B0-A9DF-47D8-9E76-D4F9F2ECEFEA}.Debug|iPhoneSimulator.Build.0 = Debug|Any CPU
		{650755B0-A9DF-47D8-9E76-D4F9F2ECEFEA}.Debug|x64.ActiveCfg = Debug|Any CPU
		{650755B0-A9DF-47D8-9E76-D4F9F2ECEFEA}.Debug|x64.Build.0 = Debug|Any CPU
		{650755B0-A9DF-47D8-9E76-D4F9F2ECEFEA}.Debug|x86.ActiveCfg = Debug|Any CPU
		{650755B0-A9DF-47D8-9E76-D4F9F2ECEFEA}.Debug|x86.Build.0 = Debug|Any CPU
		{650755B0-A9DF-47D8-9E76-D4F9F2ECEFEA}.Release|Any CPU.ActiveCfg = Release|Any CPU
		{650755B0-A9DF-47D8-9E76-D4F9F2ECEFEA}.Release|Any CPU.Build.0 = Release|Any CPU
		{650755B0-A9DF-47D8-9E76-D4F9F2ECEFEA}.Release|ARM.ActiveCfg = Release|Any CPU
		{650755B0-A9DF-47D8-9E76-D4F9F2ECEFEA}.Release|ARM.Build.0 = Release|Any CPU
		{650755B0-A9DF-47D8-9E76-D4F9F2ECEFEA}.Release|iPhone.ActiveCfg = Release|Any CPU
		{650755B0-A9DF-47D8-9E76-D4F9F2ECEFEA}.Release|iPhone.Build.0 = Release|Any CPU
		{650755B0-A9DF-47D8-9E76-D4F9F2ECEFEA}.Release|iPhoneSimulator.ActiveCfg = Release|Any CPU
		{650755B0-A9DF-47D8-9E76-D4F9F2ECEFEA}.Release|iPhoneSimulator.Build.0 = Release|Any CPU
		{650755B0-A9DF-47D8-9E76-D4F9F2ECEFEA}.Release|x64.ActiveCfg = Release|Any CPU
		{650755B0-A9DF-47D8-9E76-D4F9F2ECEFEA}.Release|x64.Build.0 = Release|Any CPU
		{650755B0-A9DF-47D8-9E76-D4F9F2ECEFEA}.Release|x86.ActiveCfg = Release|Any CPU
		{650755B0-A9DF-47D8-9E76-D4F9F2ECEFEA}.Release|x86.Build.0 = Release|Any CPU
	EndGlobalSection
	GlobalSection(SolutionProperties) = preSolution
		HideSolutionNode = FALSE
	EndGlobalSection
	GlobalSection(ExtensibilityGlobals) = postSolution
		SolutionGuid = {BDC0337D-69A1-4019-80BA-9EBAC0385BF6}
	EndGlobalSection
EndGlobal
