
Microsoft Visual Studio Solution File, Format Version 12.00
# Visual Studio 15
VisualStudioVersion = 15.0.28307.168
MinimumVisualStudioVersion = 10.0.40219.1
Project("{FAE04EC0-301F-11D3-BF4B-00C04F79EFBC}") = "eStudentRestaurant_API", "eStudentRestaurant_API\eStudentRestaurant_API.csproj", "{4D6C717D-E801-4D26-BBAB-80FA77C2310E}"
EndProject
Project("{FAE04EC0-301F-11D3-BF4B-00C04F79EFBC}") = "eStudentRestaurant_UI", "eStudentRestaurant_UI\eStudentRestaurant_UI.csproj", "{98B6B686-AA88-42BC-9A11-381DAB503874}"
EndProject
Global
	GlobalSection(SolutionConfigurationPlatforms) = preSolution
		Debug|Any CPU = Debug|Any CPU
		Release|Any CPU = Release|Any CPU
	EndGlobalSection
	GlobalSection(ProjectConfigurationPlatforms) = postSolution
		{4D6C717D-E801-4D26-BBAB-80FA77C2310E}.Debug|Any CPU.ActiveCfg = Debug|Any CPU
		{4D6C717D-E801-4D26-BBAB-80FA77C2310E}.Debug|Any CPU.Build.0 = Debug|Any CPU
		{4D6C717D-E801-4D26-BBAB-80FA77C2310E}.Release|Any CPU.ActiveCfg = Release|Any CPU
		{4D6C717D-E801-4D26-BBAB-80FA77C2310E}.Release|Any CPU.Build.0 = Release|Any CPU
		{98B6B686-AA88-42BC-9A11-381DAB503874}.Debug|Any CPU.ActiveCfg = Debug|Any CPU
		{98B6B686-AA88-42BC-9A11-381DAB503874}.Debug|Any CPU.Build.0 = Debug|Any CPU
		{98B6B686-AA88-42BC-9A11-381DAB503874}.Release|Any CPU.ActiveCfg = Release|Any CPU
		{98B6B686-AA88-42BC-9A11-381DAB503874}.Release|Any CPU.Build.0 = Release|Any CPU
	EndGlobalSection
	GlobalSection(SolutionProperties) = preSolution
		HideSolutionNode = FALSE
	EndGlobalSection
	GlobalSection(ExtensibilityGlobals) = postSolution
		SolutionGuid = {BDC0337D-69A1-4019-80BA-9EBAC0385BF6}
	EndGlobalSection
EndGlobal
